
Microsoft Visual Studio Solution File, Format Version 12.00
# Visual Studio Version 17
VisualStudioVersion = 17.8.34511.84
MinimumVisualStudioVersion = 10.0.40219.1
Project("{FAE04EC0-301F-11D3-BF4B-00C04F79EFBC}") = "LoginWSQLite", "LoginWSQLite.csproj", "{EE4BF8A5-5970-4E03-8302-BC03C5301D23}"
EndProject
Global
	GlobalSection(SolutionConfigurationPlatforms) = preSolution
		Debug|Any CPU = Debug|Any CPU
		Release|Any CPU = Release|Any CPU
	EndGlobalSection
	GlobalSection(ProjectConfigurationPlatforms) = postSolution
		{EE4BF8A5-5970-4E03-8302-BC03C5301D23}.Debug|Any CPU.ActiveCfg = Debug|Any CPU
		{EE4BF8A5-5970-4E03-8302-BC03C5301D23}.Debug|Any CPU.Build.0 = Debug|Any CPU
		{EE4BF8A5-5970-4E03-8302-BC03C5301D23}.Release|Any CPU.ActiveCfg = Release|Any CPU
		{EE4BF8A5-5970-4E03-8302-BC03C5301D23}.Release|Any CPU.Build.0 = Release|Any CPU
	EndGlobalSection
	GlobalSection(SolutionProperties) = preSolution
		HideSolutionNode = FALSE
	EndGlobalSection
	GlobalSection(ExtensibilityGlobals) = postSolution
		SolutionGuid = {A157C3BA-0A52-4854-BDC6-314FCEE2FD74}
	EndGlobalSection
EndGlobal
